
Microsoft Visual Studio Solution File, Format Version 12.00
# Visual Studio Version 17
VisualStudioVersion = 17.14.36414.22 d17.14
MinimumVisualStudioVersion = 10.0.40219.1
Project("{FAE04EC0-301F-11D3-BF4B-00C04F79EFBC}") = "MvcEjercicios", "MvcEjercicios\MvcEjercicios.csproj", "{E3C2842A-9032-4817-97CC-4E0517E536AA}"
EndProject
Global
	GlobalSection(SolutionConfigurationPlatforms) = preSolution
		Debug|Any CPU = Debug|Any CPU
		Release|Any CPU = Release|Any CPU
	EndGlobalSection
	GlobalSection(ProjectConfigurationPlatforms) = postSolution
		{E3C2842A-9032-4817-97CC-4E0517E536AA}.Debug|Any CPU.ActiveCfg = Debug|Any CPU
		{E3C2842A-9032-4817-97CC-4E0517E536AA}.Debug|Any CPU.Build.0 = Debug|Any CPU
		{E3C2842A-9032-4817-97CC-4E0517E536AA}.Release|Any CPU.ActiveCfg = Release|Any CPU
		{E3C2842A-9032-4817-97CC-4E0517E536AA}.Release|Any CPU.Build.0 = Release|Any CPU
	EndGlobalSection
	GlobalSection(SolutionProperties) = preSolution
		HideSolutionNode = FALSE
	EndGlobalSection
	GlobalSection(ExtensibilityGlobals) = postSolution
		SolutionGuid = {7FEACB88-EBF1-494C-9C1F-897F1C26585A}
	EndGlobalSection
EndGlobal
